// !$*UTF8*$!
{
	archiveVersion = 1;
	classes = {
	};
	objectVersion = 46;
	objects = {

/* Begin PBXBuildFile section */
		C9078D08192E4E1400B7BDDE /* Foundation.framework in Frameworks */ = {isa = PBXBuildFile; fileRef = C9078D07192E4E1400B7BDDE /* Foundation.framework */; };
		C9078D0D192E4E1400B7BDDE /* appcelerator_https.h in CopyFiles */ = {isa = PBXBuildFile; fileRef = C9078D0C192E4E1400B7BDDE /* appcelerator_https.h */; };
		C9078D0F192E4E1400B7BDDE /* appcelerator_https.m in Sources */ = {isa = PBXBuildFile; fileRef = C9078D0E192E4E1400B7BDDE /* appcelerator_https.m */; };
		C9078D16192E4E1400B7BDDE /* XCTest.framework in Frameworks */ = {isa = PBXBuildFile; fileRef = C9078D15192E4E1400B7BDDE /* XCTest.framework */; };
		C9078D17192E4E1400B7BDDE /* Foundation.framework in Frameworks */ = {isa = PBXBuildFile; fileRef = C9078D07192E4E1400B7BDDE /* Foundation.framework */; };
		C9078D19192E4E1400B7BDDE /* UIKit.framework in Frameworks */ = {isa = PBXBuildFile; fileRef = C9078D18192E4E1400B7BDDE /* UIKit.framework */; };
		C9078D1C192E4E1400B7BDDE /* libappcelerator.https.a in Frameworks */ = {isa = PBXBuildFile; fileRef = C9078D04192E4E1400B7BDDE /* libappcelerator.https.a */; };
		C9078D22192E4E1400B7BDDE /* InfoPlist.strings in Resources */ = {isa = PBXBuildFile; fileRef = C9078D20192E4E1400B7BDDE /* InfoPlist.strings */; };
		C9078D24192E4E1400B7BDDE /* appcelerator_httpsTests.m in Sources */ = {isa = PBXBuildFile; fileRef = C9078D23192E4E1400B7BDDE /* appcelerator_httpsTests.m */; };
/* End PBXBuildFile section */

/* Begin PBXContainerItemProxy section */
		C9078D1A192E4E1400B7BDDE /* PBXContainerItemProxy */ = {
			isa = PBXContainerItemProxy;
			containerPortal = C9078CFC192E4E1400B7BDDE /* Project object */;
			proxyType = 1;
			remoteGlobalIDString = C9078D03192E4E1400B7BDDE;
			remoteInfo = appcelerator.https;
		};
/* End PBXContainerItemProxy section */

/* Begin PBXCopyFilesBuildPhase section */
		C9078D02192E4E1400B7BDDE /* CopyFiles */ = {
			isa = PBXCopyFilesBuildPhase;
			buildActionMask = 2147483647;
			dstPath = "include/$(PRODUCT_NAME)";
			dstSubfolderSpec = 16;
			files = (
				C9078D0D192E4E1400B7BDDE /* appcelerator_https.h in CopyFiles */,
			);
			runOnlyForDeploymentPostprocessing = 0;
		};
/* End PBXCopyFilesBuildPhase section */

/* Begin PBXFileReference section */
		C9078D04192E4E1400B7BDDE /* libappcelerator.https.a */ = {isa = PBXFileReference; explicitFileType = archive.ar; includeInIndex = 0; path = libappcelerator.https.a; sourceTree = BUILT_PRODUCTS_DIR; };
		C9078D07192E4E1400B7BDDE /* Foundation.framework */ = {isa = PBXFileReference; lastKnownFileType = wrapper.framework; name = Foundation.framework; path = System/Library/Frameworks/Foundation.framework; sourceTree = SDKROOT; };
		C9078D0B192E4E1400B7BDDE /* appcelerator.https-Prefix.pch */ = {isa = PBXFileReference; lastKnownFileType = sourcecode.c.h; path = "appcelerator.https-Prefix.pch"; sourceTree = "<group>"; };
		C9078D0C192E4E1400B7BDDE /* appcelerator_https.h */ = {isa = PBXFileReference; lastKnownFileType = sourcecode.c.h; path = appcelerator_https.h; sourceTree = "<group>"; };
		C9078D0E192E4E1400B7BDDE /* appcelerator_https.m */ = {isa = PBXFileReference; lastKnownFileType = sourcecode.c.objc; path = appcelerator_https.m; sourceTree = "<group>"; };
		C9078D14192E4E1400B7BDDE /* appcelerator.httpsTests.xctest */ = {isa = PBXFileReference; explicitFileType = wrapper.cfbundle; includeInIndex = 0; path = appcelerator.httpsTests.xctest; sourceTree = BUILT_PRODUCTS_DIR; };
		C9078D15192E4E1400B7BDDE /* XCTest.framework */ = {isa = PBXFileReference; lastKnownFileType = wrapper.framework; name = XCTest.framework; path = Library/Frameworks/XCTest.framework; sourceTree = DEVELOPER_DIR; };
		C9078D18192E4E1400B7BDDE /* UIKit.framework */ = {isa = PBXFileReference; lastKnownFileType = wrapper.framework; name = UIKit.framework; path = Library/Frameworks/UIKit.framework; sourceTree = DEVELOPER_DIR; };
		C9078D1F192E4E1400B7BDDE /* appcelerator.httpsTests-Info.plist */ = {isa = PBXFileReference; lastKnownFileType = text.plist.xml; path = "appcelerator.httpsTests-Info.plist"; sourceTree = "<group>"; };
		C9078D21192E4E1400B7BDDE /* en */ = {isa = PBXFileReference; lastKnownFileType = text.plist.strings; name = en; path = en.lproj/InfoPlist.strings; sourceTree = "<group>"; };
		C9078D23192E4E1400B7BDDE /* appcelerator_httpsTests.m */ = {isa = PBXFileReference; lastKnownFileType = sourcecode.c.objc; path = appcelerator_httpsTests.m; sourceTree = "<group>"; };
/* End PBXFileReference section */

/* Begin PBXFrameworksBuildPhase section */
		C9078D01192E4E1400B7BDDE /* Frameworks */ = {
			isa = PBXFrameworksBuildPhase;
			buildActionMask = 2147483647;
			files = (
				C9078D08192E4E1400B7BDDE /* Foundation.framework in Frameworks */,
			);
			runOnlyForDeploymentPostprocessing = 0;
		};
		C9078D11192E4E1400B7BDDE /* Frameworks */ = {
			isa = PBXFrameworksBuildPhase;
			buildActionMask = 2147483647;
			files = (
				C9078D1C192E4E1400B7BDDE /* libappcelerator.https.a in Frameworks */,
				C9078D16192E4E1400B7BDDE /* XCTest.framework in Frameworks */,
				C9078D19192E4E1400B7BDDE /* UIKit.framework in Frameworks */,
				C9078D17192E4E1400B7BDDE /* Foundation.framework in Frameworks */,
			);
			runOnlyForDeploymentPostprocessing = 0;
		};
/* End PBXFrameworksBuildPhase section */

/* Begin PBXGroup section */
		C9078CFB192E4E1400B7BDDE = {
			isa = PBXGroup;
			children = (
				C9078D09192E4E1400B7BDDE /* appcelerator.https */,
				C9078D1D192E4E1400B7BDDE /* appcelerator.httpsTests */,
				C9078D06192E4E1400B7BDDE /* Frameworks */,
				C9078D05192E4E1400B7BDDE /* Products */,
			);
			sourceTree = "<group>";
		};
		C9078D05192E4E1400B7BDDE /* Products */ = {
			isa = PBXGroup;
			children = (
				C9078D04192E4E1400B7BDDE /* libappcelerator.https.a */,
				C9078D14192E4E1400B7BDDE /* appcelerator.httpsTests.xctest */,
			);
			name = Products;
			sourceTree = "<group>";
		};
		C9078D06192E4E1400B7BDDE /* Frameworks */ = {
			isa = PBXGroup;
			children = (
				C9078D07192E4E1400B7BDDE /* Foundation.framework */,
				C9078D15192E4E1400B7BDDE /* XCTest.framework */,
				C9078D18192E4E1400B7BDDE /* UIKit.framework */,
			);
			name = Frameworks;
			sourceTree = "<group>";
		};
		C9078D09192E4E1400B7BDDE /* appcelerator.https */ = {
			isa = PBXGroup;
			children = (
				C9078D0C192E4E1400B7BDDE /* appcelerator_https.h */,
				C9078D0E192E4E1400B7BDDE /* appcelerator_https.m */,
				C9078D0A192E4E1400B7BDDE /* Supporting Files */,
			);
			path = appcelerator.https;
			sourceTree = "<group>";
		};
		C9078D0A192E4E1400B7BDDE /* Supporting Files */ = {
			isa = PBXGroup;
			children = (
				C9078D0B192E4E1400B7BDDE /* appcelerator.https-Prefix.pch */,
			);
			name = "Supporting Files";
			sourceTree = "<group>";
		};
		C9078D1D192E4E1400B7BDDE /* appcelerator.httpsTests */ = {
			isa = PBXGroup;
			children = (
				C9078D23192E4E1400B7BDDE /* appcelerator_httpsTests.m */,
				C9078D1E192E4E1400B7BDDE /* Supporting Files */,
			);
			path = appcelerator.httpsTests;
			sourceTree = "<group>";
		};
		C9078D1E192E4E1400B7BDDE /* Supporting Files */ = {
			isa = PBXGroup;
			children = (
				C9078D1F192E4E1400B7BDDE /* appcelerator.httpsTests-Info.plist */,
				C9078D20192E4E1400B7BDDE /* InfoPlist.strings */,
			);
			name = "Supporting Files";
			sourceTree = "<group>";
		};
/* End PBXGroup section */

/* Begin PBXNativeTarget section */
		C9078D03192E4E1400B7BDDE /* appcelerator.https */ = {
			isa = PBXNativeTarget;
			buildConfigurationList = C9078D27192E4E1400B7BDDE /* Build configuration list for PBXNativeTarget "appcelerator.https" */;
			buildPhases = (
				C9078D00192E4E1400B7BDDE /* Sources */,
				C9078D01192E4E1400B7BDDE /* Frameworks */,
				C9078D02192E4E1400B7BDDE /* CopyFiles */,
			);
			buildRules = (
			);
			dependencies = (
			);
			name = appcelerator.https;
			productName = appcelerator.https;
			productReference = C9078D04192E4E1400B7BDDE /* libappcelerator.https.a */;
			productType = "com.apple.product-type.library.static";
		};
		C9078D13192E4E1400B7BDDE /* appcelerator.httpsTests */ = {
			isa = PBXNativeTarget;
			buildConfigurationList = C9078D2A192E4E1400B7BDDE /* Build configuration list for PBXNativeTarget "appcelerator.httpsTests" */;
			buildPhases = (
				C9078D10192E4E1400B7BDDE /* Sources */,
				C9078D11192E4E1400B7BDDE /* Frameworks */,
				C9078D12192E4E1400B7BDDE /* Resources */,
			);
			buildRules = (
			);
			dependencies = (
				C9078D1B192E4E1400B7BDDE /* PBXTargetDependency */,
			);
			name = appcelerator.httpsTests;
			productName = appcelerator.httpsTests;
			productReference = C9078D14192E4E1400B7BDDE /* appcelerator.httpsTests.xctest */;
			productType = "com.apple.product-type.bundle.unit-test";
		};
/* End PBXNativeTarget section */

/* Begin PBXProject section */
		C9078CFC192E4E1400B7BDDE /* Project object */ = {
			isa = PBXProject;
			attributes = {
				LastUpgradeCheck = 0510;
				ORGANIZATIONNAME = Appcelerator;
			};
			buildConfigurationList = C9078CFF192E4E1400B7BDDE /* Build configuration list for PBXProject "appcelerator.https" */;
			compatibilityVersion = "Xcode 3.2";
			developmentRegion = English;
			hasScannedForEncodings = 0;
			knownRegions = (
				en,
			);
			mainGroup = C9078CFB192E4E1400B7BDDE;
			productRefGroup = C9078D05192E4E1400B7BDDE /* Products */;
			projectDirPath = "";
			projectRoot = "";
			targets = (
				C9078D03192E4E1400B7BDDE /* appcelerator.https */,
				C9078D13192E4E1400B7BDDE /* appcelerator.httpsTests */,
			);
		};
/* End PBXProject section */

/* Begin PBXResourcesBuildPhase section */
		C9078D12192E4E1400B7BDDE /* Resources */ = {
			isa = PBXResourcesBuildPhase;
			buildActionMask = 2147483647;
			files = (
				C9078D22192E4E1400B7BDDE /* InfoPlist.strings in Resources */,
			);
			runOnlyForDeploymentPostprocessing = 0;
		};
/* End PBXResourcesBuildPhase section */

/* Begin PBXSourcesBuildPhase section */
		C9078D00192E4E1400B7BDDE /* Sources */ = {
			isa = PBXSourcesBuildPhase;
			buildActionMask = 2147483647;
			files = (
				C9078D0F192E4E1400B7BDDE /* appcelerator_https.m in Sources */,
			);
			runOnlyForDeploymentPostprocessing = 0;
		};
		C9078D10192E4E1400B7BDDE /* Sources */ = {
			isa = PBXSourcesBuildPhase;
			buildActionMask = 2147483647;
			files = (
				C9078D24192E4E1400B7BDDE /* appcelerator_httpsTests.m in Sources */,
			);
			runOnlyForDeploymentPostprocessing = 0;
		};
/* End PBXSourcesBuildPhase section */

/* Begin PBXTargetDependency section */
		C9078D1B192E4E1400B7BDDE /* PBXTargetDependency */ = {
			isa = PBXTargetDependency;
			target = C9078D03192E4E1400B7BDDE /* appcelerator.https */;
			targetProxy = C9078D1A192E4E1400B7BDDE /* PBXContainerItemProxy */;
		};
/* End PBXTargetDependency section */

/* Begin PBXVariantGroup section */
		C9078D20192E4E1400B7BDDE /* InfoPlist.strings */ = {
			isa = PBXVariantGroup;
			children = (
				C9078D21192E4E1400B7BDDE /* en */,
			);
			name = InfoPlist.strings;
			sourceTree = "<group>";
		};
/* End PBXVariantGroup section */

/* Begin XCBuildConfiguration section */
		C9078D25192E4E1400B7BDDE /* Debug */ = {
			isa = XCBuildConfiguration;
			buildSettings = {
				ALWAYS_SEARCH_USER_PATHS = NO;
				CLANG_CXX_LANGUAGE_STANDARD = "gnu++0x";
				CLANG_CXX_LIBRARY = "libc++";
				CLANG_ENABLE_MODULES = YES;
				CLANG_ENABLE_OBJC_ARC = YES;
				CLANG_WARN_BOOL_CONVERSION = YES;
				CLANG_WARN_CONSTANT_CONVERSION = YES;
				CLANG_WARN_DIRECT_OBJC_ISA_USAGE = YES_ERROR;
				CLANG_WARN_EMPTY_BODY = YES;
				CLANG_WARN_ENUM_CONVERSION = YES;
				CLANG_WARN_INT_CONVERSION = YES;
				CLANG_WARN_OBJC_ROOT_CLASS = YES_ERROR;
				CLANG_WARN__DUPLICATE_METHOD_MATCH = YES;
				COPY_PHASE_STRIP = NO;
				GCC_C_LANGUAGE_STANDARD = gnu99;
				GCC_DYNAMIC_NO_PIC = NO;
				GCC_OPTIMIZATION_LEVEL = 0;
				GCC_PREPROCESSOR_DEFINITIONS = (
					"DEBUG=1",
					"$(inherited)",
					"USE_TI_NETWORK",
				);
				GCC_SYMBOLS_PRIVATE_EXTERN = NO;
				GCC_WARN_64_TO_32_BIT_CONVERSION = YES;
				GCC_WARN_ABOUT_RETURN_TYPE = YES_ERROR;
				GCC_WARN_UNDECLARED_SELECTOR = YES;
				GCC_WARN_UNINITIALIZED_AUTOS = YES_AGGRESSIVE;
				GCC_WARN_UNUSED_FUNCTION = YES;
				GCC_WARN_UNUSED_VARIABLE = YES;
				IPHONEOS_DEPLOYMENT_TARGET = 7.1;
				ONLY_ACTIVE_ARCH = YES;
				SDKROOT = iphoneos;
			};
			name = Debug;
		};
		C9078D26192E4E1400B7BDDE /* Release */ = {
			isa = XCBuildConfiguration;
			buildSettings = {
				ALWAYS_SEARCH_USER_PATHS = NO;
				CLANG_CXX_LANGUAGE_STANDARD = "gnu++0x";
				CLANG_CXX_LIBRARY = "libc++";
				CLANG_ENABLE_MODULES = YES;
				CLANG_ENABLE_OBJC_ARC = YES;
				CLANG_WARN_BOOL_CONVERSION = YES;
				CLANG_WARN_CONSTANT_CONVERSION = YES;
				CLANG_WARN_DIRECT_OBJC_ISA_USAGE = YES_ERROR;
				CLANG_WARN_EMPTY_BODY = YES;
				CLANG_WARN_ENUM_CONVERSION = YES;
				CLANG_WARN_INT_CONVERSION = YES;
				CLANG_WARN_OBJC_ROOT_CLASS = YES_ERROR;
				CLANG_WARN__DUPLICATE_METHOD_MATCH = YES;
				COPY_PHASE_STRIP = YES;
				ENABLE_NS_ASSERTIONS = NO;
				GCC_C_LANGUAGE_STANDARD = gnu99;
				GCC_WARN_64_TO_32_BIT_CONVERSION = YES;
				GCC_WARN_ABOUT_RETURN_TYPE = YES_ERROR;
				GCC_WARN_UNDECLARED_SELECTOR = YES;
				GCC_WARN_UNINITIALIZED_AUTOS = YES_AGGRESSIVE;
				GCC_WARN_UNUSED_FUNCTION = YES;
				GCC_WARN_UNUSED_VARIABLE = YES;
				IPHONEOS_DEPLOYMENT_TARGET = 7.1;
				SDKROOT = iphoneos;
				VALIDATE_PRODUCT = YES;
			};
			name = Release;
		};
		C9078D28192E4E1400B7BDDE /* Debug */ = {
			isa = XCBuildConfiguration;
			buildSettings = {
				DSTROOT = /tmp/appcelerator_https.dst;
				GCC_PRECOMPILE_PREFIX_HEADER = YES;
				GCC_PREFIX_HEADER = "appcelerator.https/appcelerator.https-Prefix.pch";
				OTHER_LDFLAGS = "-ObjC";
				PRODUCT_NAME = "$(TARGET_NAME)";
				SKIP_INSTALL = YES;
			};
			name = Debug;
		};
		C9078D29192E4E1400B7BDDE /* Release */ = {
			isa = XCBuildConfiguration;
			buildSettings = {
				DSTROOT = /tmp/appcelerator_https.dst;
				GCC_PRECOMPILE_PREFIX_HEADER = YES;
				GCC_PREFIX_HEADER = "appcelerator.https/appcelerator.https-Prefix.pch";
				OTHER_LDFLAGS = "-ObjC";
				PRODUCT_NAME = "$(TARGET_NAME)";
				SKIP_INSTALL = YES;
			};
			name = Release;
		};
		C9078D2B192E4E1400B7BDDE /* Debug */ = {
			isa = XCBuildConfiguration;
			buildSettings = {
				FRAMEWORK_SEARCH_PATHS = (
					"$(SDKROOT)/Developer/Library/Frameworks",
					"$(inherited)",
					"$(DEVELOPER_FRAMEWORKS_DIR)",
				);
				GCC_PRECOMPILE_PREFIX_HEADER = YES;
				GCC_PREFIX_HEADER = "appcelerator.https/appcelerator.https-Prefix.pch";
				GCC_PREPROCESSOR_DEFINITIONS = (
					"DEBUG=1",
					"$(inherited)",
					"USE_TI_NETWORK",
				);
				INFOPLIST_FILE = "appcelerator.httpsTests/appcelerator.httpsTests-Info.plist";
				PRODUCT_NAME = "$(TARGET_NAME)";
				WRAPPER_EXTENSION = xctest;
			};
			name = Debug;
		};
		C9078D2C192E4E1400B7BDDE /* Release */ = {
			isa = XCBuildConfiguration;
			buildSettings = {
				FRAMEWORK_SEARCH_PATHS = (
					"$(SDKROOT)/Developer/Library/Frameworks",
					"$(inherited)",
					"$(DEVELOPER_FRAMEWORKS_DIR)",
				);
				GCC_PRECOMPILE_PREFIX_HEADER = YES;
				GCC_PREFIX_HEADER = "appcelerator.https/appcelerator.https-Prefix.pch";
				GCC_PREPROCESSOR_DEFINITIONS = (
					"$(inherited)",
					"USE_TI_NETWORK",
				);
				INFOPLIST_FILE = "appcelerator.httpsTests/appcelerator.httpsTests-Info.plist";
				PRODUCT_NAME = "$(TARGET_NAME)";
				WRAPPER_EXTENSION = xctest;
			};
			name = Release;
		};
/* End XCBuildConfiguration section */

/* Begin XCConfigurationList section */
		C9078CFF192E4E1400B7BDDE /* Build configuration list for PBXProject "appcelerator.https" */ = {
			isa = XCConfigurationList;
			buildConfigurations = (
				C9078D25192E4E1400B7BDDE /* Debug */,
				C9078D26192E4E1400B7BDDE /* Release */,
			);
			defaultConfigurationIsVisible = 0;
			defaultConfigurationName = Release;
		};
		C9078D27192E4E1400B7BDDE /* Build configuration list for PBXNativeTarget "appcelerator.https" */ = {
			isa = XCConfigurationList;
			buildConfigurations = (
				C9078D28192E4E1400B7BDDE /* Debug */,
				C9078D29192E4E1400B7BDDE /* Release */,
			);
			defaultConfigurationIsVisible = 0;
		};
		C9078D2A192E4E1400B7BDDE /* Build configuration list for PBXNativeTarget "appcelerator.httpsTests" */ = {
			isa = XCConfigurationList;
			buildConfigurations = (
				C9078D2B192E4E1400B7BDDE /* Debug */,
				C9078D2C192E4E1400B7BDDE /* Release */,
			);
			defaultConfigurationIsVisible = 0;
		};
/* End XCConfigurationList section */
	};
	rootObject = C9078CFC192E4E1400B7BDDE /* Project object */;
}
