// !$*UTF8*$!
{
	archiveVersion = 1;
	classes = {
	};
	objectVersion = 52;
	objects = {

/* Begin PBXBuildFile section */
		B7AF21A22620DF78003A3A4A /* TitaniumKit.xcframework in Frameworks */ = {isa = PBXBuildFile; fileRef = B7AF21A12620DF78003A3A4A /* TitaniumKit.xcframework */; };
		B7AF21A32620DF78003A3A4A /* TitaniumKit.xcframework in Frameworks */ = {isa = PBXBuildFile; fileRef = B7AF21A12620DF78003A3A4A /* TitaniumKit.xcframework */; };
		C9078D08192E4E1400B7BDDE /* Foundation.framework in Frameworks */ = {isa = PBXBuildFile; fileRef = C9078D07192E4E1400B7BDDE /* Foundation.framework */; };
		C9078D16192E4E1400B7BDDE /* XCTest.framework in Frameworks */ = {isa = PBXBuildFile; fileRef = C9078D15192E4E1400B7BDDE /* XCTest.framework */; };
		C9078D17192E4E1400B7BDDE /* Foundation.framework in Frameworks */ = {isa = PBXBuildFile; fileRef = C9078D07192E4E1400B7BDDE /* Foundation.framework */; };
		C9078D19192E4E1400B7BDDE /* UIKit.framework in Frameworks */ = {isa = PBXBuildFile; fileRef = C9078D18192E4E1400B7BDDE /* UIKit.framework */; };
		C9078D1C192E4E1400B7BDDE /* libappcelerator.https.a in Frameworks */ = {isa = PBXBuildFile; fileRef = C9078D04192E4E1400B7BDDE /* libappcelerator.https.a */; };
		C9078D22192E4E1400B7BDDE /* InfoPlist.strings in Resources */ = {isa = PBXBuildFile; fileRef = C9078D20192E4E1400B7BDDE /* InfoPlist.strings */; };
		C944826C192E825B00ECCC14 /* PinnedURL.m in Sources */ = {isa = PBXBuildFile; fileRef = C9448263192E825B00ECCC14 /* PinnedURL.m */; };
		C944826D192E825B00ECCC14 /* PublicKey.m in Sources */ = {isa = PBXBuildFile; fileRef = C9448265192E825B00ECCC14 /* PublicKey.m */; };
		C944826E192E825B00ECCC14 /* SecurityManager.m in Sources */ = {isa = PBXBuildFile; fileRef = C9448267192E825B00ECCC14 /* SecurityManager.m */; };
		C9448270192E825B00ECCC14 /* X509Certificate.m in Sources */ = {isa = PBXBuildFile; fileRef = C944826B192E825B00ECCC14 /* X509Certificate.m */; };
		C9448279192E9EE800ECCC14 /* prod.ace.appcelerator.com-1.cer in Resources */ = {isa = PBXBuildFile; fileRef = C9448271192E9EE800ECCC14 /* prod.ace.appcelerator.com-1.cer */; };
		C944827A192E9EE800ECCC14 /* prod.ace.appcelerator.com-2.cer in Resources */ = {isa = PBXBuildFile; fileRef = C9448272192E9EE800ECCC14 /* prod.ace.appcelerator.com-2.cer */; };
		C944827B192E9EE800ECCC14 /* AbstractBaseTest.m in Sources */ = {isa = PBXBuildFile; fileRef = C9448274192E9EE800ECCC14 /* AbstractBaseTest.m */; };
		C944827C192E9EE800ECCC14 /* PublicKeyTests.m in Sources */ = {isa = PBXBuildFile; fileRef = C9448275192E9EE800ECCC14 /* PublicKeyTests.m */; };
		C944827D192E9EE800ECCC14 /* random-org.der in Resources */ = {isa = PBXBuildFile; fileRef = C9448276192E9EE800ECCC14 /* random-org.der */; };
		C944827E192E9EE800ECCC14 /* random-org2.der in Resources */ = {isa = PBXBuildFile; fileRef = C9448277192E9EE800ECCC14 /* random-org2.der */; };
		C944827F192E9EE800ECCC14 /* X509CertificateTests.m in Sources */ = {isa = PBXBuildFile; fileRef = C9448278192E9EE800ECCC14 /* X509CertificateTests.m */; };
		C9448281192E9F0A00ECCC14 /* PinnedURLTests.m in Sources */ = {isa = PBXBuildFile; fileRef = C9448280192E9F0A00ECCC14 /* PinnedURLTests.m */; };
		C9A3A15C192E530E00FC7696 /* AppceleratorHttpsModule.m in Sources */ = {isa = PBXBuildFile; fileRef = C9A3A159192E530E00FC7696 /* AppceleratorHttpsModule.m */; };
		C9A3A15D192E530E00FC7696 /* AppceleratorHttpsModuleAssets.m in Sources */ = {isa = PBXBuildFile; fileRef = C9A3A15B192E530E00FC7696 /* AppceleratorHttpsModuleAssets.m */; };
		C9A3A161192E704400FC7696 /* X509CertificatePinningSecurityManagerProxy.m in Sources */ = {isa = PBXBuildFile; fileRef = C9A3A160192E704400FC7696 /* X509CertificatePinningSecurityManagerProxy.m */; };
		C9B1A2A1193026510080C7DA /* SecurityManagerTests.m in Sources */ = {isa = PBXBuildFile; fileRef = C9B1A2A0193026510080C7DA /* SecurityManagerTests.m */; };
		DB9120CF1F858B3F009BD333 /* ClientCertificate.m in Sources */ = {isa = PBXBuildFile; fileRef = DB9120CE1F858B3F009BD333 /* ClientCertificate.m */; };
/* End PBXBuildFile section */

/* Begin PBXContainerItemProxy section */
		C9078D1A192E4E1400B7BDDE /* PBXContainerItemProxy */ = {
			isa = PBXContainerItemProxy;
			containerPortal = C9078CFC192E4E1400B7BDDE /* Project object */;
			proxyType = 1;
			remoteGlobalIDString = C9078D03192E4E1400B7BDDE;
			remoteInfo = appcelerator.https;
		};
/* End PBXContainerItemProxy section */

/* Begin PBXCopyFilesBuildPhase section */
		C9078D02192E4E1400B7BDDE /* CopyFiles */ = {
			isa = PBXCopyFilesBuildPhase;
			buildActionMask = 2147483647;
			dstPath = "include/$(PRODUCT_NAME)";
			dstSubfolderSpec = 16;
			files = (
			);
			runOnlyForDeploymentPostprocessing = 0;
		};
/* End PBXCopyFilesBuildPhase section */

/* Begin PBXFileReference section */
		B7AF21A12620DF78003A3A4A /* TitaniumKit.xcframework */ = {isa = PBXFileReference; lastKnownFileType = wrapper.xcframework; name = TitaniumKit.xcframework; path = "$(TITANIUM_SDK)/iphone/Frameworks/TitaniumKit.xcframework"; sourceTree = "<group>"; };
		C9078D04192E4E1400B7BDDE /* libappcelerator.https.a */ = {isa = PBXFileReference; explicitFileType = archive.ar; includeInIndex = 0; path = libappcelerator.https.a; sourceTree = BUILT_PRODUCTS_DIR; };
		C9078D07192E4E1400B7BDDE /* Foundation.framework */ = {isa = PBXFileReference; lastKnownFileType = wrapper.framework; name = Foundation.framework; path = System/Library/Frameworks/Foundation.framework; sourceTree = SDKROOT; };
		C9078D0B192E4E1400B7BDDE /* appcelerator.https-Prefix.pch */ = {isa = PBXFileReference; lastKnownFileType = sourcecode.c.h; path = "appcelerator.https-Prefix.pch"; sourceTree = "<group>"; };
		C9078D14192E4E1400B7BDDE /* appcelerator.httpsTests.xctest */ = {isa = PBXFileReference; explicitFileType = wrapper.cfbundle; includeInIndex = 0; path = appcelerator.httpsTests.xctest; sourceTree = BUILT_PRODUCTS_DIR; };
		C9078D15192E4E1400B7BDDE /* XCTest.framework */ = {isa = PBXFileReference; lastKnownFileType = wrapper.framework; name = XCTest.framework; path = Library/Frameworks/XCTest.framework; sourceTree = DEVELOPER_DIR; };
		C9078D18192E4E1400B7BDDE /* UIKit.framework */ = {isa = PBXFileReference; lastKnownFileType = wrapper.framework; name = UIKit.framework; path = Library/Frameworks/UIKit.framework; sourceTree = DEVELOPER_DIR; };
		C9078D1F192E4E1400B7BDDE /* appcelerator.httpsTests-Info.plist */ = {isa = PBXFileReference; lastKnownFileType = text.plist.xml; path = "appcelerator.httpsTests-Info.plist"; sourceTree = "<group>"; };
		C9078D21192E4E1400B7BDDE /* en */ = {isa = PBXFileReference; lastKnownFileType = text.plist.strings; name = en; path = en.lproj/InfoPlist.strings; sourceTree = "<group>"; };
		C92CA6B919315132004D76D9 /* AppceleratorHttps.h */ = {isa = PBXFileReference; fileEncoding = 4; lastKnownFileType = sourcecode.c.h; path = AppceleratorHttps.h; sourceTree = "<group>"; };
		C9448262192E825B00ECCC14 /* PinnedURL.h */ = {isa = PBXFileReference; fileEncoding = 4; lastKnownFileType = sourcecode.c.h; path = PinnedURL.h; sourceTree = "<group>"; };
		C9448263192E825B00ECCC14 /* PinnedURL.m */ = {isa = PBXFileReference; fileEncoding = 4; lastKnownFileType = sourcecode.c.objc; path = PinnedURL.m; sourceTree = "<group>"; };
		C9448264192E825B00ECCC14 /* PublicKey.h */ = {isa = PBXFileReference; fileEncoding = 4; lastKnownFileType = sourcecode.c.h; path = PublicKey.h; sourceTree = "<group>"; };
		C9448265192E825B00ECCC14 /* PublicKey.m */ = {isa = PBXFileReference; fileEncoding = 4; lastKnownFileType = sourcecode.c.objc; path = PublicKey.m; sourceTree = "<group>"; };
		C9448266192E825B00ECCC14 /* SecurityManager.h */ = {isa = PBXFileReference; fileEncoding = 4; lastKnownFileType = sourcecode.c.h; path = SecurityManager.h; sourceTree = "<group>"; };
		C9448267192E825B00ECCC14 /* SecurityManager.m */ = {isa = PBXFileReference; fileEncoding = 4; lastKnownFileType = sourcecode.c.objc; path = SecurityManager.m; sourceTree = "<group>"; };
		C944826A192E825B00ECCC14 /* X509Certificate.h */ = {isa = PBXFileReference; fileEncoding = 4; lastKnownFileType = sourcecode.c.h; path = X509Certificate.h; sourceTree = "<group>"; };
		C944826B192E825B00ECCC14 /* X509Certificate.m */ = {isa = PBXFileReference; fileEncoding = 4; lastKnownFileType = sourcecode.c.objc; path = X509Certificate.m; sourceTree = "<group>"; };
		C9448271192E9EE800ECCC14 /* prod.ace.appcelerator.com-1.cer */ = {isa = PBXFileReference; lastKnownFileType = file; name = "prod.ace.appcelerator.com-1.cer"; path = "appcelerator.httpsTests/prod.ace.appcelerator.com-1.cer"; sourceTree = "<group>"; };
		C9448272192E9EE800ECCC14 /* prod.ace.appcelerator.com-2.cer */ = {isa = PBXFileReference; lastKnownFileType = file; name = "prod.ace.appcelerator.com-2.cer"; path = "appcelerator.httpsTests/prod.ace.appcelerator.com-2.cer"; sourceTree = "<group>"; };
		C9448273192E9EE800ECCC14 /* AbstractBaseTest.h */ = {isa = PBXFileReference; fileEncoding = 4; lastKnownFileType = sourcecode.c.h; path = AbstractBaseTest.h; sourceTree = "<group>"; };
		C9448274192E9EE800ECCC14 /* AbstractBaseTest.m */ = {isa = PBXFileReference; fileEncoding = 4; lastKnownFileType = sourcecode.c.objc; path = AbstractBaseTest.m; sourceTree = "<group>"; };
		C9448275192E9EE800ECCC14 /* PublicKeyTests.m */ = {isa = PBXFileReference; fileEncoding = 4; lastKnownFileType = sourcecode.c.objc; path = PublicKeyTests.m; sourceTree = "<group>"; };
		C9448276192E9EE800ECCC14 /* random-org.der */ = {isa = PBXFileReference; lastKnownFileType = file; name = "random-org.der"; path = "appcelerator.httpsTests/random-org.der"; sourceTree = "<group>"; };
		C9448277192E9EE800ECCC14 /* random-org2.der */ = {isa = PBXFileReference; lastKnownFileType = file; name = "random-org2.der"; path = "appcelerator.httpsTests/random-org2.der"; sourceTree = "<group>"; };
		C9448278192E9EE800ECCC14 /* X509CertificateTests.m */ = {isa = PBXFileReference; fileEncoding = 4; lastKnownFileType = sourcecode.c.objc; path = X509CertificateTests.m; sourceTree = "<group>"; };
		C9448280192E9F0A00ECCC14 /* PinnedURLTests.m */ = {isa = PBXFileReference; fileEncoding = 4; lastKnownFileType = sourcecode.c.objc; path = PinnedURLTests.m; sourceTree = "<group>"; };
		C9A3A157192E529100FC7696 /* titanium.xcconfig */ = {isa = PBXFileReference; fileEncoding = 4; lastKnownFileType = text.xcconfig; name = titanium.xcconfig; path = ../titanium.xcconfig; sourceTree = "<group>"; };
		C9A3A158192E530E00FC7696 /* AppceleratorHttpsModule.h */ = {isa = PBXFileReference; fileEncoding = 4; lastKnownFileType = sourcecode.c.h; path = AppceleratorHttpsModule.h; sourceTree = "<group>"; };
		C9A3A159192E530E00FC7696 /* AppceleratorHttpsModule.m */ = {isa = PBXFileReference; fileEncoding = 4; lastKnownFileType = sourcecode.c.objc; path = AppceleratorHttpsModule.m; sourceTree = "<group>"; };
		C9A3A15A192E530E00FC7696 /* AppceleratorHttpsModuleAssets.h */ = {isa = PBXFileReference; fileEncoding = 4; lastKnownFileType = sourcecode.c.h; path = AppceleratorHttpsModuleAssets.h; sourceTree = "<group>"; };
		C9A3A15B192E530E00FC7696 /* AppceleratorHttpsModuleAssets.m */ = {isa = PBXFileReference; fileEncoding = 4; lastKnownFileType = sourcecode.c.objc; path = AppceleratorHttpsModuleAssets.m; sourceTree = "<group>"; };
		C9A3A15F192E704400FC7696 /* X509CertificatePinningSecurityManagerProxy.h */ = {isa = PBXFileReference; fileEncoding = 4; lastKnownFileType = sourcecode.c.h; path = X509CertificatePinningSecurityManagerProxy.h; sourceTree = "<group>"; };
		C9A3A160192E704400FC7696 /* X509CertificatePinningSecurityManagerProxy.m */ = {isa = PBXFileReference; fileEncoding = 4; lastKnownFileType = sourcecode.c.objc; path = X509CertificatePinningSecurityManagerProxy.m; sourceTree = "<group>"; };
		C9B1A2A0193026510080C7DA /* SecurityManagerTests.m */ = {isa = PBXFileReference; fileEncoding = 4; lastKnownFileType = sourcecode.c.objc; path = SecurityManagerTests.m; sourceTree = "<group>"; };
		DB9120CD1F858B3F009BD333 /* ClientCertificate.h */ = {isa = PBXFileReference; fileEncoding = 4; lastKnownFileType = sourcecode.c.h; path = ClientCertificate.h; sourceTree = "<group>"; };
		DB9120CE1F858B3F009BD333 /* ClientCertificate.m */ = {isa = PBXFileReference; fileEncoding = 4; lastKnownFileType = sourcecode.c.objc; path = ClientCertificate.m; sourceTree = "<group>"; };
/* End PBXFileReference section */

/* Begin PBXFrameworksBuildPhase section */
		C9078D01192E4E1400B7BDDE /* Frameworks */ = {
			isa = PBXFrameworksBuildPhase;
			buildActionMask = 2147483647;
			files = (
				C9078D08192E4E1400B7BDDE /* Foundation.framework in Frameworks */,
				B7AF21A22620DF78003A3A4A /* TitaniumKit.xcframework in Frameworks */,
			);
			runOnlyForDeploymentPostprocessing = 0;
		};
		C9078D11192E4E1400B7BDDE /* Frameworks */ = {
			isa = PBXFrameworksBuildPhase;
			buildActionMask = 2147483647;
			files = (
				C9078D1C192E4E1400B7BDDE /* libappcelerator.https.a in Frameworks */,
				C9078D16192E4E1400B7BDDE /* XCTest.framework in Frameworks */,
				B7AF21A32620DF78003A3A4A /* TitaniumKit.xcframework in Frameworks */,
				C9078D19192E4E1400B7BDDE /* UIKit.framework in Frameworks */,
				C9078D17192E4E1400B7BDDE /* Foundation.framework in Frameworks */,
			);
			runOnlyForDeploymentPostprocessing = 0;
		};
/* End PBXFrameworksBuildPhase section */

/* Begin PBXGroup section */
		C9078CFB192E4E1400B7BDDE = {
			isa = PBXGroup;
			children = (
				C9078D09192E4E1400B7BDDE /* appcelerator.https */,
				C9078D1D192E4E1400B7BDDE /* appcelerator.httpsTests */,
				C9078D06192E4E1400B7BDDE /* Frameworks */,
				C9078D05192E4E1400B7BDDE /* Products */,
			);
			sourceTree = "<group>";
		};
		C9078D05192E4E1400B7BDDE /* Products */ = {
			isa = PBXGroup;
			children = (
				C9078D04192E4E1400B7BDDE /* libappcelerator.https.a */,
				C9078D14192E4E1400B7BDDE /* appcelerator.httpsTests.xctest */,
			);
			name = Products;
			sourceTree = "<group>";
		};
		C9078D06192E4E1400B7BDDE /* Frameworks */ = {
			isa = PBXGroup;
			children = (
				B7AF21A12620DF78003A3A4A /* TitaniumKit.xcframework */,
				C9078D07192E4E1400B7BDDE /* Foundation.framework */,
				C9078D15192E4E1400B7BDDE /* XCTest.framework */,
				C9078D18192E4E1400B7BDDE /* UIKit.framework */,
			);
			name = Frameworks;
			sourceTree = "<group>";
		};
		C9078D09192E4E1400B7BDDE /* appcelerator.https */ = {
			isa = PBXGroup;
			children = (
				C92CA6B919315132004D76D9 /* AppceleratorHttps.h */,
				C9A3A158192E530E00FC7696 /* AppceleratorHttpsModule.h */,
				C9A3A159192E530E00FC7696 /* AppceleratorHttpsModule.m */,
				C9A3A15F192E704400FC7696 /* X509CertificatePinningSecurityManagerProxy.h */,
				C9A3A160192E704400FC7696 /* X509CertificatePinningSecurityManagerProxy.m */,
				C9448266192E825B00ECCC14 /* SecurityManager.h */,
				C9448267192E825B00ECCC14 /* SecurityManager.m */,
				C9448262192E825B00ECCC14 /* PinnedURL.h */,
				C9448263192E825B00ECCC14 /* PinnedURL.m */,
				C944826A192E825B00ECCC14 /* X509Certificate.h */,
				C944826B192E825B00ECCC14 /* X509Certificate.m */,
				C9448264192E825B00ECCC14 /* PublicKey.h */,
				C9448265192E825B00ECCC14 /* PublicKey.m */,
				DB9120CD1F858B3F009BD333 /* ClientCertificate.h */,
				DB9120CE1F858B3F009BD333 /* ClientCertificate.m */,
				C9078D0A192E4E1400B7BDDE /* Supporting Files */,
			);
			path = appcelerator.https;
			sourceTree = "<group>";
		};
		C9078D0A192E4E1400B7BDDE /* Supporting Files */ = {
			isa = PBXGroup;
			children = (
				C9A3A15A192E530E00FC7696 /* AppceleratorHttpsModuleAssets.h */,
				C9A3A15B192E530E00FC7696 /* AppceleratorHttpsModuleAssets.m */,
				C9A3A157192E529100FC7696 /* titanium.xcconfig */,
				C9078D0B192E4E1400B7BDDE /* appcelerator.https-Prefix.pch */,
			);
			name = "Supporting Files";
			sourceTree = "<group>";
		};
		C9078D1D192E4E1400B7BDDE /* appcelerator.httpsTests */ = {
			isa = PBXGroup;
			children = (
				C9448273192E9EE800ECCC14 /* AbstractBaseTest.h */,
				C9448274192E9EE800ECCC14 /* AbstractBaseTest.m */,
				C9448278192E9EE800ECCC14 /* X509CertificateTests.m */,
				C9448275192E9EE800ECCC14 /* PublicKeyTests.m */,
				C9448280192E9F0A00ECCC14 /* PinnedURLTests.m */,
				C9B1A2A0193026510080C7DA /* SecurityManagerTests.m */,
				C9448282192E9F2E00ECCC14 /* certs */,
				C9078D1E192E4E1400B7BDDE /* Supporting Files */,
			);
			path = appcelerator.httpsTests;
			sourceTree = SOURCE_ROOT;
		};
		C9078D1E192E4E1400B7BDDE /* Supporting Files */ = {
			isa = PBXGroup;
			children = (
				C9078D1F192E4E1400B7BDDE /* appcelerator.httpsTests-Info.plist */,
				C9078D20192E4E1400B7BDDE /* InfoPlist.strings */,
			);
			name = "Supporting Files";
			sourceTree = "<group>";
		};
		C9448282192E9F2E00ECCC14 /* certs */ = {
			isa = PBXGroup;
			children = (
				C9448271192E9EE800ECCC14 /* prod.ace.appcelerator.com-1.cer */,
				C9448272192E9EE800ECCC14 /* prod.ace.appcelerator.com-2.cer */,
				C9448276192E9EE800ECCC14 /* random-org.der */,
				C9448277192E9EE800ECCC14 /* random-org2.der */,
			);
			name = certs;
			path = ..;
			sourceTree = "<group>";
		};
/* End PBXGroup section */

/* Begin PBXNativeTarget section */
		C9078D03192E4E1400B7BDDE /* appcelerator.https */ = {
			isa = PBXNativeTarget;
			buildConfigurationList = C9078D27192E4E1400B7BDDE /* Build configuration list for PBXNativeTarget "appcelerator.https" */;
			buildPhases = (
				C9078D00192E4E1400B7BDDE /* Sources */,
				C9078D01192E4E1400B7BDDE /* Frameworks */,
				C9078D02192E4E1400B7BDDE /* CopyFiles */,
			);
			buildRules = (
			);
			dependencies = (
			);
			name = appcelerator.https;
			productName = appcelerator.https;
			productReference = C9078D04192E4E1400B7BDDE /* libappcelerator.https.a */;
			productType = "com.apple.product-type.library.static";
		};
		C9078D13192E4E1400B7BDDE /* appcelerator.httpsTests */ = {
			isa = PBXNativeTarget;
			buildConfigurationList = C9078D2A192E4E1400B7BDDE /* Build configuration list for PBXNativeTarget "appcelerator.httpsTests" */;
			buildPhases = (
				C9078D10192E4E1400B7BDDE /* Sources */,
				C9078D11192E4E1400B7BDDE /* Frameworks */,
				C9078D12192E4E1400B7BDDE /* Resources */,
			);
			buildRules = (
			);
			dependencies = (
				C9078D1B192E4E1400B7BDDE /* PBXTargetDependency */,
			);
			name = appcelerator.httpsTests;
			productName = appcelerator.httpsTests;
			productReference = C9078D14192E4E1400B7BDDE /* appcelerator.httpsTests.xctest */;
			productType = "com.apple.product-type.bundle.unit-test";
		};
/* End PBXNativeTarget section */

/* Begin PBXProject section */
		C9078CFC192E4E1400B7BDDE /* Project object */ = {
			isa = PBXProject;
			attributes = {
				LastUpgradeCheck = 0830;
				ORGANIZATIONNAME = Appcelerator;
			};
			buildConfigurationList = C9078CFF192E4E1400B7BDDE /* Build configuration list for PBXProject "appcelerator.https" */;
			compatibilityVersion = "Xcode 3.2";
			developmentRegion = English;
			hasScannedForEncodings = 0;
			knownRegions = (
				English,
				en,
			);
			mainGroup = C9078CFB192E4E1400B7BDDE;
			productRefGroup = C9078D05192E4E1400B7BDDE /* Products */;
			projectDirPath = "";
			projectRoot = "";
			targets = (
				C9078D03192E4E1400B7BDDE /* appcelerator.https */,
				C9078D13192E4E1400B7BDDE /* appcelerator.httpsTests */,
			);
		};
/* End PBXProject section */

/* Begin PBXResourcesBuildPhase section */
		C9078D12192E4E1400B7BDDE /* Resources */ = {
			isa = PBXResourcesBuildPhase;
			buildActionMask = 2147483647;
			files = (
				C9448279192E9EE800ECCC14 /* prod.ace.appcelerator.com-1.cer in Resources */,
				C944827A192E9EE800ECCC14 /* prod.ace.appcelerator.com-2.cer in Resources */,
				C944827D192E9EE800ECCC14 /* random-org.der in Resources */,
				C944827E192E9EE800ECCC14 /* random-org2.der in Resources */,
				C9078D22192E4E1400B7BDDE /* InfoPlist.strings in Resources */,
			);
			runOnlyForDeploymentPostprocessing = 0;
		};
/* End PBXResourcesBuildPhase section */

/* Begin PBXSourcesBuildPhase section */
		C9078D00192E4E1400B7BDDE /* Sources */ = {
			isa = PBXSourcesBuildPhase;
			buildActionMask = 2147483647;
			files = (
				C9A3A15C192E530E00FC7696 /* AppceleratorHttpsModule.m in Sources */,
				C9A3A15D192E530E00FC7696 /* AppceleratorHttpsModuleAssets.m in Sources */,
				C9A3A161192E704400FC7696 /* X509CertificatePinningSecurityManagerProxy.m in Sources */,
				C944826E192E825B00ECCC14 /* SecurityManager.m in Sources */,
				C9448270192E825B00ECCC14 /* X509Certificate.m in Sources */,
				C944826D192E825B00ECCC14 /* PublicKey.m in Sources */,
				C944826C192E825B00ECCC14 /* PinnedURL.m in Sources */,
				DB9120CF1F858B3F009BD333 /* ClientCertificate.m in Sources */,
			);
			runOnlyForDeploymentPostprocessing = 0;
		};
		C9078D10192E4E1400B7BDDE /* Sources */ = {
			isa = PBXSourcesBuildPhase;
			buildActionMask = 2147483647;
			files = (
				C9B1A2A1193026510080C7DA /* SecurityManagerTests.m in Sources */,
				C944827B192E9EE800ECCC14 /* AbstractBaseTest.m in Sources */,
				C944827F192E9EE800ECCC14 /* X509CertificateTests.m in Sources */,
				C944827C192E9EE800ECCC14 /* PublicKeyTests.m in Sources */,
				C9448281192E9F0A00ECCC14 /* PinnedURLTests.m in Sources */,
			);
			runOnlyForDeploymentPostprocessing = 0;
		};
/* End PBXSourcesBuildPhase section */

/* Begin PBXTargetDependency section */
		C9078D1B192E4E1400B7BDDE /* PBXTargetDependency */ = {
			isa = PBXTargetDependency;
			target = C9078D03192E4E1400B7BDDE /* appcelerator.https */;
			targetProxy = C9078D1A192E4E1400B7BDDE /* PBXContainerItemProxy */;
		};
/* End PBXTargetDependency section */

/* Begin PBXVariantGroup section */
		C9078D20192E4E1400B7BDDE /* InfoPlist.strings */ = {
			isa = PBXVariantGroup;
			children = (
				C9078D21192E4E1400B7BDDE /* en */,
			);
			name = InfoPlist.strings;
			sourceTree = "<group>";
		};
/* End PBXVariantGroup section */

/* Begin XCBuildConfiguration section */
		C9078D25192E4E1400B7BDDE /* Debug */ = {
			isa = XCBuildConfiguration;
			baseConfigurationReference = C9A3A157192E529100FC7696 /* titanium.xcconfig */;
			buildSettings = {
				ALWAYS_SEARCH_USER_PATHS = NO;
				CLANG_CXX_LANGUAGE_STANDARD = "gnu++0x";
				CLANG_CXX_LIBRARY = "libc++";
				CLANG_ENABLE_MODULES = YES;
				CLANG_ENABLE_OBJC_ARC = YES;
				CLANG_WARN_BOOL_CONVERSION = YES;
				CLANG_WARN_CONSTANT_CONVERSION = YES;
				CLANG_WARN_DIRECT_OBJC_ISA_USAGE = YES_ERROR;
				CLANG_WARN_EMPTY_BODY = YES;
				CLANG_WARN_ENUM_CONVERSION = YES;
				CLANG_WARN_INFINITE_RECURSION = YES;
				CLANG_WARN_INT_CONVERSION = YES;
				CLANG_WARN_OBJC_ROOT_CLASS = YES_ERROR;
				CLANG_WARN_SUSPICIOUS_MOVE = YES;
				CLANG_WARN_UNREACHABLE_CODE = YES;
				CLANG_WARN__DUPLICATE_METHOD_MATCH = YES;
				COPY_PHASE_STRIP = NO;
				ENABLE_STRICT_OBJC_MSGSEND = YES;
				ENABLE_TESTABILITY = YES;
				GCC_C_LANGUAGE_STANDARD = gnu99;
				GCC_DYNAMIC_NO_PIC = NO;
				GCC_NO_COMMON_BLOCKS = YES;
				GCC_OPTIMIZATION_LEVEL = 0;
				GCC_PREPROCESSOR_DEFINITIONS = (
					"DEBUG=1",
					"$(inherited)",
					"APPCELERATOR_HTTPS_DEBUG=1",
					USE_TI_NETWORK,
				);
				GCC_SYMBOLS_PRIVATE_EXTERN = NO;
				GCC_WARN_64_TO_32_BIT_CONVERSION = YES;
				GCC_WARN_ABOUT_RETURN_TYPE = YES_ERROR;
				GCC_WARN_UNDECLARED_SELECTOR = YES;
				GCC_WARN_UNINITIALIZED_AUTOS = YES_AGGRESSIVE;
				GCC_WARN_UNUSED_FUNCTION = YES;
				GCC_WARN_UNUSED_VARIABLE = YES;
				IPHONEOS_DEPLOYMENT_TARGET = 8.0;
				ONLY_ACTIVE_ARCH = YES;
				SDKROOT = iphoneos;
			};
			name = Debug;
		};
		C9078D26192E4E1400B7BDDE /* Release */ = {
			isa = XCBuildConfiguration;
			baseConfigurationReference = C9A3A157192E529100FC7696 /* titanium.xcconfig */;
			buildSettings = {
				ALWAYS_SEARCH_USER_PATHS = NO;
				CLANG_CXX_LANGUAGE_STANDARD = "gnu++0x";
				CLANG_CXX_LIBRARY = "libc++";
				CLANG_ENABLE_MODULES = YES;
				CLANG_ENABLE_OBJC_ARC = YES;
				CLANG_WARN_BOOL_CONVERSION = YES;
				CLANG_WARN_CONSTANT_CONVERSION = YES;
				CLANG_WARN_DIRECT_OBJC_ISA_USAGE = YES_ERROR;
				CLANG_WARN_EMPTY_BODY = YES;
				CLANG_WARN_ENUM_CONVERSION = YES;
				CLANG_WARN_INFINITE_RECURSION = YES;
				CLANG_WARN_INT_CONVERSION = YES;
				CLANG_WARN_OBJC_ROOT_CLASS = YES_ERROR;
				CLANG_WARN_SUSPICIOUS_MOVE = YES;
				CLANG_WARN_UNREACHABLE_CODE = YES;
				CLANG_WARN__DUPLICATE_METHOD_MATCH = YES;
				COPY_PHASE_STRIP = YES;
				ENABLE_NS_ASSERTIONS = NO;
				ENABLE_STRICT_OBJC_MSGSEND = YES;
				GCC_C_LANGUAGE_STANDARD = gnu99;
				GCC_NO_COMMON_BLOCKS = YES;
				GCC_PREPROCESSOR_DEFINITIONS = (
					NDEBUG,
					"$(inherited)",
					USE_TI_NETWORK,
				);
				GCC_WARN_64_TO_32_BIT_CONVERSION = YES;
				GCC_WARN_ABOUT_RETURN_TYPE = YES_ERROR;
				GCC_WARN_UNDECLARED_SELECTOR = YES;
				GCC_WARN_UNINITIALIZED_AUTOS = YES_AGGRESSIVE;
				GCC_WARN_UNUSED_FUNCTION = YES;
				GCC_WARN_UNUSED_VARIABLE = YES;
				IPHONEOS_DEPLOYMENT_TARGET = 8.0;
				SDKROOT = iphoneos;
				VALIDATE_PRODUCT = YES;
			};
			name = Release;
		};
		C9078D28192E4E1400B7BDDE /* Debug */ = {
			isa = XCBuildConfiguration;
			buildSettings = {
				DSTROOT = /tmp/appcelerator_https.dst;
				GCC_PRECOMPILE_PREFIX_HEADER = YES;
				GCC_PREFIX_HEADER = "appcelerator.https/appcelerator.https-Prefix.pch";
				OTHER_LDFLAGS = "-ObjC";
				PRODUCT_NAME = "$(TARGET_NAME)";
				SKIP_INSTALL = YES;
			};
			name = Debug;
		};
		C9078D29192E4E1400B7BDDE /* Release */ = {
			isa = XCBuildConfiguration;
			buildSettings = {
				DEPLOYMENT_POSTPROCESSING = YES;
				DSTROOT = /tmp/appcelerator_https.dst;
				GCC_PRECOMPILE_PREFIX_HEADER = YES;
				GCC_PREFIX_HEADER = "appcelerator.https/appcelerator.https-Prefix.pch";
				GCC_PREPROCESSOR_DEFINITIONS = (
					NDEBUG,
					"$(inherited)",
					USE_TI_NETWORK,
				);
				OTHER_LDFLAGS = "-ObjC";
				PRODUCT_NAME = "$(TARGET_NAME)";
				SKIP_INSTALL = YES;
			};
			name = Release;
		};
		C9078D2B192E4E1400B7BDDE /* Debug */ = {
			isa = XCBuildConfiguration;
			buildSettings = {
				FRAMEWORK_SEARCH_PATHS = (
					"$(SDKROOT)/Developer/Library/Frameworks",
					"$(inherited)",
					"$(DEVELOPER_FRAMEWORKS_DIR)",
				);
				GCC_PRECOMPILE_PREFIX_HEADER = YES;
				GCC_PREFIX_HEADER = "appcelerator.https/appcelerator.https-Prefix.pch";
				INFOPLIST_FILE = "appcelerator.httpsTests/appcelerator.httpsTests-Info.plist";
				PRODUCT_BUNDLE_IDENTIFIER = "com.appcelerator.${PRODUCT_NAME:rfc1034identifier}";
				PRODUCT_NAME = "$(TARGET_NAME)";
				WRAPPER_EXTENSION = xctest;
			};
			name = Debug;
		};
		C9078D2C192E4E1400B7BDDE /* Release */ = {
			isa = XCBuildConfiguration;
			buildSettings = {
				FRAMEWORK_SEARCH_PATHS = (
					"$(SDKROOT)/Developer/Library/Frameworks",
					"$(inherited)",
					"$(DEVELOPER_FRAMEWORKS_DIR)",
				);
				GCC_PRECOMPILE_PREFIX_HEADER = YES;
				GCC_PREFIX_HEADER = "appcelerator.https/appcelerator.https-Prefix.pch";
				INFOPLIST_FILE = "appcelerator.httpsTests/appcelerator.httpsTests-Info.plist";
				PRODUCT_BUNDLE_IDENTIFIER = "com.appcelerator.${PRODUCT_NAME:rfc1034identifier}";
				PRODUCT_NAME = "$(TARGET_NAME)";
				WRAPPER_EXTENSION = xctest;
			};
			name = Release;
		};
/* End XCBuildConfiguration section */

/* Begin XCConfigurationList section */
		C9078CFF192E4E1400B7BDDE /* Build configuration list for PBXProject "appcelerator.https" */ = {
			isa = XCConfigurationList;
			buildConfigurations = (
				C9078D25192E4E1400B7BDDE /* Debug */,
				C9078D26192E4E1400B7BDDE /* Release */,
			);
			defaultConfigurationIsVisible = 0;
			defaultConfigurationName = Release;
		};
		C9078D27192E4E1400B7BDDE /* Build configuration list for PBXNativeTarget "appcelerator.https" */ = {
			isa = XCConfigurationList;
			buildConfigurations = (
				C9078D28192E4E1400B7BDDE /* Debug */,
				C9078D29192E4E1400B7BDDE /* Release */,
			);
			defaultConfigurationIsVisible = 0;
			defaultConfigurationName = Release;
		};
		C9078D2A192E4E1400B7BDDE /* Build configuration list for PBXNativeTarget "appcelerator.httpsTests" */ = {
			isa = XCConfigurationList;
			buildConfigurations = (
				C9078D2B192E4E1400B7BDDE /* Debug */,
				C9078D2C192E4E1400B7BDDE /* Release */,
			);
			defaultConfigurationIsVisible = 0;
			defaultConfigurationName = Release;
		};
/* End XCConfigurationList section */
	};
	rootObject = C9078CFC192E4E1400B7BDDE /* Project object */;
}
